
Microsoft Visual Studio Solution File, Format Version 12.00
# Visual Studio 14
VisualStudioVersion = 14.0.23107.0
MinimumVisualStudioVersion = 10.0.40219.1
Project("{FAE04EC0-301F-11D3-BF4B-00C04F79EFBC}") = "KeyAssistant", "WindowsApi\KeyAssistant.csproj", "{CECA6867-5B01-4B65-A473-063EBE99407F}"
EndProject
Project("{FAE04EC0-301F-11D3-BF4B-00C04F79EFBC}") = "ApiWrapper", "ApiWrapper\ApiWrapper.csproj", "{64901CE7-5957-4088-91D5-343667F0849C}"
EndProject
Project("{FAE04EC0-301F-11D3-BF4B-00C04F79EFBC}") = "HookLib", "HookLib\HookLib.csproj", "{B9549CF1-6365-42BD-8A95-4524B58ED93A}"
EndProject
Global
	GlobalSection(SolutionConfigurationPlatforms) = preSolution
		Debug|Any CPU = Debug|Any CPU
		Release|Any CPU = Release|Any CPU
	EndGlobalSection
	GlobalSection(ProjectConfigurationPlatforms) = postSolution
		{CECA6867-5B01-4B65-A473-063EBE99407F}.Debug|Any CPU.ActiveCfg = Debug|Any CPU
		{CECA6867-5B01-4B65-A473-063EBE99407F}.Debug|Any CPU.Build.0 = Debug|Any CPU
		{CECA6867-5B01-4B65-A473-063EBE99407F}.Release|Any CPU.ActiveCfg = Release|Any CPU
		{CECA6867-5B01-4B65-A473-063EBE99407F}.Release|Any CPU.Build.0 = Release|Any CPU
		{64901CE7-5957-4088-91D5-343667F0849C}.Debug|Any CPU.ActiveCfg = Debug|Any CPU
		{64901CE7-5957-4088-91D5-343667F0849C}.Debug|Any CPU.Build.0 = Debug|Any CPU
		{64901CE7-5957-4088-91D5-343667F0849C}.Release|Any CPU.ActiveCfg = Release|Any CPU
		{64901CE7-5957-4088-91D5-343667F0849C}.Release|Any CPU.Build.0 = Release|Any CPU
		{B9549CF1-6365-42BD-8A95-4524B58ED93A}.Debug|Any CPU.ActiveCfg = Debug|Any CPU
		{B9549CF1-6365-42BD-8A95-4524B58ED93A}.Debug|Any CPU.Build.0 = Debug|Any CPU
		{B9549CF1-6365-42BD-8A95-4524B58ED93A}.Release|Any CPU.ActiveCfg = Release|Any CPU
		{B9549CF1-6365-42BD-8A95-4524B58ED93A}.Release|Any CPU.Build.0 = Release|Any CPU
	EndGlobalSection
	GlobalSection(SolutionProperties) = preSolution
		HideSolutionNode = FALSE
	EndGlobalSection
EndGlobal
